// !$*UTF8*$!
{
	archiveVersion = 1;
	classes = {
	};
	objectVersion = 56;
	objects = {

/* Begin PBXBuildFile section */
		AF2694B529FC1BDB0023942A /* AppDelegate.swift in Sources */ = {isa = PBXBuildFile; fileRef = AF2694B429FC1BDB0023942A /* AppDelegate.swift */; };
		AF2694B729FC1BDB0023942A /* SceneDelegate.swift in Sources */ = {isa = PBXBuildFile; fileRef = AF2694B629FC1BDB0023942A /* SceneDelegate.swift */; };
		AF2694B929FC1BDB0023942A /* ImagesListViewController.swift in Sources */ = {isa = PBXBuildFile; fileRef = AF2694B829FC1BDB0023942A /* ImagesListViewController.swift */; };
		AF2694BC29FC1BDB0023942A /* Main.storyboard in Resources */ = {isa = PBXBuildFile; fileRef = AF2694BA29FC1BDB0023942A /* Main.storyboard */; };
		AF2694BE29FC1BDC0023942A /* Assets.xcassets in Resources */ = {isa = PBXBuildFile; fileRef = AF2694BD29FC1BDC0023942A /* Assets.xcassets */; };
		AF2694C129FC1BDC0023942A /* LaunchScreen.storyboard in Resources */ = {isa = PBXBuildFile; fileRef = AF2694BF29FC1BDC0023942A /* LaunchScreen.storyboard */; };
		AF2694E929FEEF8A0023942A /* ImagesListCell.swift in Sources */ = {isa = PBXBuildFile; fileRef = AF2694E829FEEF8A0023942A /* ImagesListCell.swift */; };
		AF2E23BC2A388B5B007A65AF /* Profile.swift in Sources */ = {isa = PBXBuildFile; fileRef = AF2E23BB2A388B5B007A65AF /* Profile.swift */; };
		AF6629482A2224AF005F16C8 /* Constants.swift in Sources */ = {isa = PBXBuildFile; fileRef = AF6629472A2224AF005F16C8 /* Constants.swift */; };
		AF66294D2A239B7E005F16C8 /* YS Display-Bold.ttf in Resources */ = {isa = PBXBuildFile; fileRef = AF66294B2A239B7E005F16C8 /* YS Display-Bold.ttf */; };
		AF66294E2A239B7E005F16C8 /* YS Display-Medium.ttf in Resources */ = {isa = PBXBuildFile; fileRef = AF66294C2A239B7E005F16C8 /* YS Display-Medium.ttf */; };
		AF7743752A23A1B400A1BB26 /* AuthViewController.swift in Sources */ = {isa = PBXBuildFile; fileRef = AF7743742A23A1B400A1BB26 /* AuthViewController.swift */; };
		AF7743772A23B24D00A1BB26 /* WebViewViewController.swift in Sources */ = {isa = PBXBuildFile; fileRef = AF7743762A23B24D00A1BB26 /* WebViewViewController.swift */; };
		AF7743792A27AE1B00A1BB26 /* WebViewViewControllerDelegate.swift in Sources */ = {isa = PBXBuildFile; fileRef = AF7743782A27AE1B00A1BB26 /* WebViewViewControllerDelegate.swift */; };
		AF8D36172A28E4BE00217033 /* OAuthTokenResponseBody.swift in Sources */ = {isa = PBXBuildFile; fileRef = AF8D36162A28E4BE00217033 /* OAuthTokenResponseBody.swift */; };
		AF8D36192A28EA8B00217033 /* OAuth2Service.swift in Sources */ = {isa = PBXBuildFile; fileRef = AF8D36182A28EA8B00217033 /* OAuth2Service.swift */; };
		AF8D361B2A28ECB800217033 /* OAuth2TokenStorage.swift in Sources */ = {isa = PBXBuildFile; fileRef = AF8D361A2A28ECB800217033 /* OAuth2TokenStorage.swift */; };
		AF9EC57D2A39C21200CD7754 /* ProfileImageService.swift in Sources */ = {isa = PBXBuildFile; fileRef = AF9EC57C2A39C21200CD7754 /* ProfileImageService.swift */; };
		AF9EC57F2A39C25700CD7754 /* UserResult.swift in Sources */ = {isa = PBXBuildFile; fileRef = AF9EC57E2A39C25700CD7754 /* UserResult.swift */; };
		AF9EC5812A3CD20100CD7754 /* ext.URLSession.swift in Sources */ = {isa = PBXBuildFile; fileRef = AF9EC5802A3CD20100CD7754 /* ext.URLSession.swift */; };
		AF9EC5862A3CDC6B00CD7754 /* AlertModel.swift in Sources */ = {isa = PBXBuildFile; fileRef = AF9EC5852A3CDC6B00CD7754 /* AlertModel.swift */; };
		AF9EC5892A3CDD8000CD7754 /* AlertPresenter.swift in Sources */ = {isa = PBXBuildFile; fileRef = AF9EC5882A3CDD8000CD7754 /* AlertPresenter.swift */; };
		AF9EC58C2A3CEEDA00CD7754 /* Kingfisher in Frameworks */ = {isa = PBXBuildFile; productRef = AF9EC58B2A3CEEDA00CD7754 /* Kingfisher */; };
		AFB4C31C2A2C9011004575AF /* SplashViewController.swift in Sources */ = {isa = PBXBuildFile; fileRef = AFB4C31B2A2C9011004575AF /* SplashViewController.swift */; };
		AFE0497E2A31FA31002C431F /* ProgressHUD in Frameworks */ = {isa = PBXBuildFile; productRef = AFE0497D2A31FA31002C431F /* ProgressHUD */; };
		AFE049802A350280002C431F /* UIBlockingProgressHUD.swift in Sources */ = {isa = PBXBuildFile; fileRef = AFE0497F2A350280002C431F /* UIBlockingProgressHUD.swift */; };
		AFE049832A365461002C431F /* ProfileService.swift in Sources */ = {isa = PBXBuildFile; fileRef = AFE049822A365461002C431F /* ProfileService.swift */; };
		AFE049852A36547C002C431F /* ProfileResult.swift in Sources */ = {isa = PBXBuildFile; fileRef = AFE049842A36547C002C431F /* ProfileResult.swift */; };
		AFF07B692A0D2D3900683324 /* ProfileViewController.swift in Sources */ = {isa = PBXBuildFile; fileRef = AFF07B682A0D2D3900683324 /* ProfileViewController.swift */; };
		AFF07B6F2A0E9F9A00683324 /* SingleImageViewController.swift in Sources */ = {isa = PBXBuildFile; fileRef = AFF07B6E2A0E9F9A00683324 /* SingleImageViewController.swift */; };
		AFFE120E2A13F19000199FD5 /* GradientUnderDate.swift in Sources */ = {isa = PBXBuildFile; fileRef = AFFE120D2A13F19000199FD5 /* GradientUnderDate.swift */; };
/* End PBXBuildFile section */

/* Begin PBXFileReference section */
		AF2694B129FC1BDB0023942A /* ImageFeed.app */ = {isa = PBXFileReference; explicitFileType = wrapper.application; includeInIndex = 0; path = ImageFeed.app; sourceTree = BUILT_PRODUCTS_DIR; };
		AF2694B429FC1BDB0023942A /* AppDelegate.swift */ = {isa = PBXFileReference; lastKnownFileType = sourcecode.swift; path = AppDelegate.swift; sourceTree = "<group>"; };
		AF2694B629FC1BDB0023942A /* SceneDelegate.swift */ = {isa = PBXFileReference; lastKnownFileType = sourcecode.swift; path = SceneDelegate.swift; sourceTree = "<group>"; };
		AF2694B829FC1BDB0023942A /* ImagesListViewController.swift */ = {isa = PBXFileReference; lastKnownFileType = sourcecode.swift; path = ImagesListViewController.swift; sourceTree = "<group>"; };
		AF2694BB29FC1BDB0023942A /* Base */ = {isa = PBXFileReference; lastKnownFileType = file.storyboard; name = Base; path = Base.lproj/Main.storyboard; sourceTree = "<group>"; };
		AF2694BD29FC1BDC0023942A /* Assets.xcassets */ = {isa = PBXFileReference; lastKnownFileType = folder.assetcatalog; path = Assets.xcassets; sourceTree = "<group>"; };
		AF2694C029FC1BDC0023942A /* Base */ = {isa = PBXFileReference; lastKnownFileType = file.storyboard; name = Base; path = Base.lproj/LaunchScreen.storyboard; sourceTree = "<group>"; };
		AF2694C229FC1BDC0023942A /* Info.plist */ = {isa = PBXFileReference; lastKnownFileType = text.plist.xml; path = Info.plist; sourceTree = "<group>"; };
		AF2694E829FEEF8A0023942A /* ImagesListCell.swift */ = {isa = PBXFileReference; lastKnownFileType = sourcecode.swift; path = ImagesListCell.swift; sourceTree = "<group>"; };
		AF2E23BB2A388B5B007A65AF /* Profile.swift */ = {isa = PBXFileReference; lastKnownFileType = sourcecode.swift; path = Profile.swift; sourceTree = "<group>"; };
		AF6629472A2224AF005F16C8 /* Constants.swift */ = {isa = PBXFileReference; lastKnownFileType = sourcecode.swift; path = Constants.swift; sourceTree = "<group>"; };
		AF66294B2A239B7E005F16C8 /* YS Display-Bold.ttf */ = {isa = PBXFileReference; lastKnownFileType = file; path = "YS Display-Bold.ttf"; sourceTree = "<group>"; };
		AF66294C2A239B7E005F16C8 /* YS Display-Medium.ttf */ = {isa = PBXFileReference; lastKnownFileType = file; path = "YS Display-Medium.ttf"; sourceTree = "<group>"; };
		AF7743742A23A1B400A1BB26 /* AuthViewController.swift */ = {isa = PBXFileReference; lastKnownFileType = sourcecode.swift; path = AuthViewController.swift; sourceTree = "<group>"; };
		AF7743762A23B24D00A1BB26 /* WebViewViewController.swift */ = {isa = PBXFileReference; lastKnownFileType = sourcecode.swift; path = WebViewViewController.swift; sourceTree = "<group>"; };
		AF7743782A27AE1B00A1BB26 /* WebViewViewControllerDelegate.swift */ = {isa = PBXFileReference; lastKnownFileType = sourcecode.swift; path = WebViewViewControllerDelegate.swift; sourceTree = "<group>"; };
		AF8D36162A28E4BE00217033 /* OAuthTokenResponseBody.swift */ = {isa = PBXFileReference; lastKnownFileType = sourcecode.swift; path = OAuthTokenResponseBody.swift; sourceTree = "<group>"; };
		AF8D36182A28EA8B00217033 /* OAuth2Service.swift */ = {isa = PBXFileReference; lastKnownFileType = sourcecode.swift; path = OAuth2Service.swift; sourceTree = "<group>"; };
		AF8D361A2A28ECB800217033 /* OAuth2TokenStorage.swift */ = {isa = PBXFileReference; lastKnownFileType = sourcecode.swift; path = OAuth2TokenStorage.swift; sourceTree = "<group>"; };
		AF9EC57C2A39C21200CD7754 /* ProfileImageService.swift */ = {isa = PBXFileReference; lastKnownFileType = sourcecode.swift; path = ProfileImageService.swift; sourceTree = "<group>"; };
		AF9EC57E2A39C25700CD7754 /* UserResult.swift */ = {isa = PBXFileReference; lastKnownFileType = sourcecode.swift; path = UserResult.swift; sourceTree = "<group>"; };
		AF9EC5802A3CD20100CD7754 /* ext.URLSession.swift */ = {isa = PBXFileReference; lastKnownFileType = sourcecode.swift; path = ext.URLSession.swift; sourceTree = "<group>"; };
		AF9EC5852A3CDC6B00CD7754 /* AlertModel.swift */ = {isa = PBXFileReference; lastKnownFileType = sourcecode.swift; path = AlertModel.swift; sourceTree = "<group>"; };
		AF9EC5882A3CDD8000CD7754 /* AlertPresenter.swift */ = {isa = PBXFileReference; lastKnownFileType = sourcecode.swift; path = AlertPresenter.swift; sourceTree = "<group>"; };
		AFB4C31B2A2C9011004575AF /* SplashViewController.swift */ = {isa = PBXFileReference; lastKnownFileType = sourcecode.swift; path = SplashViewController.swift; sourceTree = "<group>"; };
		AFE0497F2A350280002C431F /* UIBlockingProgressHUD.swift */ = {isa = PBXFileReference; lastKnownFileType = sourcecode.swift; path = UIBlockingProgressHUD.swift; sourceTree = "<group>"; };
		AFE049822A365461002C431F /* ProfileService.swift */ = {isa = PBXFileReference; lastKnownFileType = sourcecode.swift; path = ProfileService.swift; sourceTree = "<group>"; };
		AFE049842A36547C002C431F /* ProfileResult.swift */ = {isa = PBXFileReference; lastKnownFileType = sourcecode.swift; path = ProfileResult.swift; sourceTree = "<group>"; };
		AFF07B682A0D2D3900683324 /* ProfileViewController.swift */ = {isa = PBXFileReference; lastKnownFileType = sourcecode.swift; path = ProfileViewController.swift; sourceTree = "<group>"; };
		AFF07B6E2A0E9F9A00683324 /* SingleImageViewController.swift */ = {isa = PBXFileReference; lastKnownFileType = sourcecode.swift; path = SingleImageViewController.swift; sourceTree = "<group>"; };
		AFFE120D2A13F19000199FD5 /* GradientUnderDate.swift */ = {isa = PBXFileReference; lastKnownFileType = sourcecode.swift; path = GradientUnderDate.swift; sourceTree = "<group>"; };
/* End PBXFileReference section */

/* Begin PBXFrameworksBuildPhase section */
		AF2694AE29FC1BDB0023942A /* Frameworks */ = {
			isa = PBXFrameworksBuildPhase;
			buildActionMask = 2147483647;
			files = (
				AF9EC58C2A3CEEDA00CD7754 /* Kingfisher in Frameworks */,
				AFE0497E2A31FA31002C431F /* ProgressHUD in Frameworks */,
			);
			runOnlyForDeploymentPostprocessing = 0;
		};
/* End PBXFrameworksBuildPhase section */

/* Begin PBXGroup section */
		AF2694A829FC1BDB0023942A = {
			isa = PBXGroup;
			children = (
				AF2694B329FC1BDB0023942A /* ImageFeed */,
				AF2694B229FC1BDB0023942A /* Products */,
			);
			sourceTree = "<group>";
		};
		AF2694B229FC1BDB0023942A /* Products */ = {
			isa = PBXGroup;
			children = (
				AF2694B129FC1BDB0023942A /* ImageFeed.app */,
			);
			name = Products;
			sourceTree = "<group>";
		};
		AF2694B329FC1BDB0023942A /* ImageFeed */ = {
			isa = PBXGroup;
			children = (
				AF2694C229FC1BDC0023942A /* Info.plist */,
				AF2694B429FC1BDB0023942A /* AppDelegate.swift */,
				AF2694B629FC1BDB0023942A /* SceneDelegate.swift */,
				AF2694BD29FC1BDC0023942A /* Assets.xcassets */,
				AF2694BF29FC1BDC0023942A /* LaunchScreen.storyboard */,
				AF2694BA29FC1BDB0023942A /* Main.storyboard */,
				AF2694EA29FEEFBD0023942A /* ImageList */,
				AF9EC5842A3CDC5E00CD7754 /* Models */,
				AF6629462A22244A005F16C8 /* NetworkClient */,
				AF9EC5872A3CDD5D00CD7754 /* Presentation */,
				AFF07B672A0D2D1600683324 /* ProfileView */,
				AF66294A2A239B5C005F16C8 /* Resources */,
				AFB4C31A2A2C8FE2004575AF /* SplashViewController */,
			);
			path = ImageFeed;
			sourceTree = "<group>";
		};
		AF2694EA29FEEFBD0023942A /* ImageList */ = {
			isa = PBXGroup;
			children = (
				AF2694E829FEEF8A0023942A /* ImagesListCell.swift */,
				AF2694B829FC1BDB0023942A /* ImagesListViewController.swift */,
				AFF07B6E2A0E9F9A00683324 /* SingleImageViewController.swift */,
				AFFE120D2A13F19000199FD5 /* GradientUnderDate.swift */,
			);
			path = ImageList;
			sourceTree = "<group>";
		};
		AF6629462A22244A005F16C8 /* NetworkClient */ = {
			isa = PBXGroup;
			children = (
				AFE049812A365444002C431F /* ProfileService */,
				AF6629492A239ABC005F16C8 /* Authorization */,
				AF6629472A2224AF005F16C8 /* Constants.swift */,
				AF9EC5802A3CD20100CD7754 /* ext.URLSession.swift */,
			);
			path = NetworkClient;
			sourceTree = "<group>";
		};
		AF6629492A239ABC005F16C8 /* Authorization */ = {
			isa = PBXGroup;
			children = (
				AF7743742A23A1B400A1BB26 /* AuthViewController.swift */,
				AF7743762A23B24D00A1BB26 /* WebViewViewController.swift */,
				AF7743782A27AE1B00A1BB26 /* WebViewViewControllerDelegate.swift */,
				AF8D36182A28EA8B00217033 /* OAuth2Service.swift */,
				AF8D361A2A28ECB800217033 /* OAuth2TokenStorage.swift */,
				AFE0497F2A350280002C431F /* UIBlockingProgressHUD.swift */,
			);
			path = Authorization;
			sourceTree = "<group>";
		};
		AF66294A2A239B5C005F16C8 /* Resources */ = {
			isa = PBXGroup;
			children = (
				AF66294B2A239B7E005F16C8 /* YS Display-Bold.ttf */,
				AF66294C2A239B7E005F16C8 /* YS Display-Medium.ttf */,
			);
			path = Resources;
			sourceTree = "<group>";
		};
		AF9EC5842A3CDC5E00CD7754 /* Models */ = {
			isa = PBXGroup;
			children = (
				AF8D36162A28E4BE00217033 /* OAuthTokenResponseBody.swift */,
				AF9EC57E2A39C25700CD7754 /* UserResult.swift */,
				AFE049842A36547C002C431F /* ProfileResult.swift */,
				AF2E23BB2A388B5B007A65AF /* Profile.swift */,
				AF9EC5852A3CDC6B00CD7754 /* AlertModel.swift */,
			);
			path = Models;
			sourceTree = "<group>";
		};
		AF9EC5872A3CDD5D00CD7754 /* Presentation */ = {
			isa = PBXGroup;
			children = (
				AF9EC5882A3CDD8000CD7754 /* AlertPresenter.swift */,
			);
			path = Presentation;
			sourceTree = "<group>";
		};
		AFB4C31A2A2C8FE2004575AF /* SplashViewController */ = {
			isa = PBXGroup;
			children = (
				AFB4C31B2A2C9011004575AF /* SplashViewController.swift */,
			);
			path = SplashViewController;
			sourceTree = "<group>";
		};
		AFE049812A365444002C431F /* ProfileService */ = {
			isa = PBXGroup;
			children = (
				AFE049822A365461002C431F /* ProfileService.swift */,
				AF9EC57C2A39C21200CD7754 /* ProfileImageService.swift */,
			);
			path = ProfileService;
			sourceTree = "<group>";
		};
		AFF07B672A0D2D1600683324 /* ProfileView */ = {
			isa = PBXGroup;
			children = (
				AFF07B682A0D2D3900683324 /* ProfileViewController.swift */,
			);
			path = ProfileView;
			sourceTree = "<group>";
		};
/* End PBXGroup section */

/* Begin PBXNativeTarget section */
		AF2694B029FC1BDB0023942A /* ImageFeed */ = {
			isa = PBXNativeTarget;
			buildConfigurationList = AF2694C529FC1BDC0023942A /* Build configuration list for PBXNativeTarget "ImageFeed" */;
			buildPhases = (
				AF2694AD29FC1BDB0023942A /* Sources */,
				AF2694AE29FC1BDB0023942A /* Frameworks */,
				AF2694AF29FC1BDB0023942A /* Resources */,
			);
			buildRules = (
			);
			dependencies = (
			);
			name = ImageFeed;
			packageProductDependencies = (
				AFE0497D2A31FA31002C431F /* ProgressHUD */,
				AF9EC58B2A3CEEDA00CD7754 /* Kingfisher */,
			);
			productName = ImageFeed;
			productReference = AF2694B129FC1BDB0023942A /* ImageFeed.app */;
			productType = "com.apple.product-type.application";
		};
/* End PBXNativeTarget section */

/* Begin PBXProject section */
		AF2694A929FC1BDB0023942A /* Project object */ = {
			isa = PBXProject;
			attributes = {
				BuildIndependentTargetsInParallel = 1;
				LastSwiftUpdateCheck = 1430;
				LastUpgradeCheck = 1430;
				TargetAttributes = {
					AF2694B029FC1BDB0023942A = {
						CreatedOnToolsVersion = 14.3;
					};
				};
			};
			buildConfigurationList = AF2694AC29FC1BDB0023942A /* Build configuration list for PBXProject "ImageFeed" */;
			compatibilityVersion = "Xcode 14.0";
			developmentRegion = en;
			hasScannedForEncodings = 0;
			knownRegions = (
				en,
				Base,
			);
			mainGroup = AF2694A829FC1BDB0023942A;
			packageReferences = (
				AFE0497C2A31FA31002C431F /* XCRemoteSwiftPackageReference "ProgressHUD" */,
				AF9EC58A2A3CEEDA00CD7754 /* XCRemoteSwiftPackageReference "Kingfisher" */,
			);
			productRefGroup = AF2694B229FC1BDB0023942A /* Products */;
			projectDirPath = "";
			projectRoot = "";
			targets = (
				AF2694B029FC1BDB0023942A /* ImageFeed */,
			);
		};
/* End PBXProject section */

/* Begin PBXResourcesBuildPhase section */
		AF2694AF29FC1BDB0023942A /* Resources */ = {
			isa = PBXResourcesBuildPhase;
			buildActionMask = 2147483647;
			files = (
				AF2694C129FC1BDC0023942A /* LaunchScreen.storyboard in Resources */,
				AF2694BE29FC1BDC0023942A /* Assets.xcassets in Resources */,
				AF2694BC29FC1BDB0023942A /* Main.storyboard in Resources */,
				AF66294D2A239B7E005F16C8 /* YS Display-Bold.ttf in Resources */,
				AF66294E2A239B7E005F16C8 /* YS Display-Medium.ttf in Resources */,
			);
			runOnlyForDeploymentPostprocessing = 0;
		};
/* End PBXResourcesBuildPhase section */

/* Begin PBXSourcesBuildPhase section */
		AF2694AD29FC1BDB0023942A /* Sources */ = {
			isa = PBXSourcesBuildPhase;
			buildActionMask = 2147483647;
			files = (
				AF7743772A23B24D00A1BB26 /* WebViewViewController.swift in Sources */,
				AF2694B929FC1BDB0023942A /* ImagesListViewController.swift in Sources */,
				AF8D36192A28EA8B00217033 /* OAuth2Service.swift in Sources */,
				AFE049802A350280002C431F /* UIBlockingProgressHUD.swift in Sources */,
				AF8D36172A28E4BE00217033 /* OAuthTokenResponseBody.swift in Sources */,
				AF9EC57F2A39C25700CD7754 /* UserResult.swift in Sources */,
				AF2694E929FEEF8A0023942A /* ImagesListCell.swift in Sources */,
				AFF07B692A0D2D3900683324 /* ProfileViewController.swift in Sources */,
				AFE049832A365461002C431F /* ProfileService.swift in Sources */,
				AF8D361B2A28ECB800217033 /* OAuth2TokenStorage.swift in Sources */,
				AF2694B529FC1BDB0023942A /* AppDelegate.swift in Sources */,
				AF9EC5812A3CD20100CD7754 /* ext.URLSession.swift in Sources */,
				AFF07B6F2A0E9F9A00683324 /* SingleImageViewController.swift in Sources */,
				AF9EC5862A3CDC6B00CD7754 /* AlertModel.swift in Sources */,
				AFB4C31C2A2C9011004575AF /* SplashViewController.swift in Sources */,
				AFFE120E2A13F19000199FD5 /* GradientUnderDate.swift in Sources */,
				AF7743792A27AE1B00A1BB26 /* WebViewViewControllerDelegate.swift in Sources */,
				AF2694B729FC1BDB0023942A /* SceneDelegate.swift in Sources */,
				AF7743752A23A1B400A1BB26 /* AuthViewController.swift in Sources */,
				AF2E23BC2A388B5B007A65AF /* Profile.swift in Sources */,
				AF9EC57D2A39C21200CD7754 /* ProfileImageService.swift in Sources */,
				AFE049852A36547C002C431F /* ProfileResult.swift in Sources */,
				AF6629482A2224AF005F16C8 /* Constants.swift in Sources */,
				AF9EC5892A3CDD8000CD7754 /* AlertPresenter.swift in Sources */,
			);
			runOnlyForDeploymentPostprocessing = 0;
		};
/* End PBXSourcesBuildPhase section */

/* Begin PBXVariantGroup section */
		AF2694BA29FC1BDB0023942A /* Main.storyboard */ = {
			isa = PBXVariantGroup;
			children = (
				AF2694BB29FC1BDB0023942A /* Base */,
			);
			name = Main.storyboard;
			sourceTree = "<group>";
		};
		AF2694BF29FC1BDC0023942A /* LaunchScreen.storyboard */ = {
			isa = PBXVariantGroup;
			children = (
				AF2694C029FC1BDC0023942A /* Base */,
			);
			name = LaunchScreen.storyboard;
			sourceTree = "<group>";
		};
/* End PBXVariantGroup section */

/* Begin XCBuildConfiguration section */
		AF2694C329FC1BDC0023942A /* Debug */ = {
			isa = XCBuildConfiguration;
			buildSettings = {
				ALWAYS_SEARCH_USER_PATHS = NO;
				CLANG_ANALYZER_NONNULL = YES;
				CLANG_ANALYZER_NUMBER_OBJECT_CONVERSION = YES_AGGRESSIVE;
				CLANG_CXX_LANGUAGE_STANDARD = "gnu++20";
				CLANG_ENABLE_MODULES = YES;
				CLANG_ENABLE_OBJC_ARC = YES;
				CLANG_ENABLE_OBJC_WEAK = YES;
				CLANG_WARN_BLOCK_CAPTURE_AUTORELEASING = YES;
				CLANG_WARN_BOOL_CONVERSION = YES;
				CLANG_WARN_COMMA = YES;
				CLANG_WARN_CONSTANT_CONVERSION = YES;
				CLANG_WARN_DEPRECATED_OBJC_IMPLEMENTATIONS = YES;
				CLANG_WARN_DIRECT_OBJC_ISA_USAGE = YES_ERROR;
				CLANG_WARN_DOCUMENTATION_COMMENTS = YES;
				CLANG_WARN_EMPTY_BODY = YES;
				CLANG_WARN_ENUM_CONVERSION = YES;
				CLANG_WARN_INFINITE_RECURSION = YES;
				CLANG_WARN_INT_CONVERSION = YES;
				CLANG_WARN_NON_LITERAL_NULL_CONVERSION = YES;
				CLANG_WARN_OBJC_IMPLICIT_RETAIN_SELF = YES;
				CLANG_WARN_OBJC_LITERAL_CONVERSION = YES;
				CLANG_WARN_OBJC_ROOT_CLASS = YES_ERROR;
				CLANG_WARN_QUOTED_INCLUDE_IN_FRAMEWORK_HEADER = YES;
				CLANG_WARN_RANGE_LOOP_ANALYSIS = YES;
				CLANG_WARN_STRICT_PROTOTYPES = YES;
				CLANG_WARN_SUSPICIOUS_MOVE = YES;
				CLANG_WARN_UNGUARDED_AVAILABILITY = YES_AGGRESSIVE;
				CLANG_WARN_UNREACHABLE_CODE = YES;
				CLANG_WARN__DUPLICATE_METHOD_MATCH = YES;
				COPY_PHASE_STRIP = NO;
				DEBUG_INFORMATION_FORMAT = dwarf;
				ENABLE_STRICT_OBJC_MSGSEND = YES;
				ENABLE_TESTABILITY = YES;
				GCC_C_LANGUAGE_STANDARD = gnu11;
				GCC_DYNAMIC_NO_PIC = NO;
				GCC_NO_COMMON_BLOCKS = YES;
				GCC_OPTIMIZATION_LEVEL = 0;
				GCC_PREPROCESSOR_DEFINITIONS = (
					"DEBUG=1",
					"$(inherited)",
				);
				GCC_WARN_64_TO_32_BIT_CONVERSION = YES;
				GCC_WARN_ABOUT_RETURN_TYPE = YES_ERROR;
				GCC_WARN_UNDECLARED_SELECTOR = YES;
				GCC_WARN_UNINITIALIZED_AUTOS = YES_AGGRESSIVE;
				GCC_WARN_UNUSED_FUNCTION = YES;
				GCC_WARN_UNUSED_VARIABLE = YES;
				IPHONEOS_DEPLOYMENT_TARGET = 16.4;
				MTL_ENABLE_DEBUG_INFO = INCLUDE_SOURCE;
				MTL_FAST_MATH = YES;
				ONLY_ACTIVE_ARCH = YES;
				SDKROOT = iphoneos;
				SWIFT_ACTIVE_COMPILATION_CONDITIONS = DEBUG;
				SWIFT_OPTIMIZATION_LEVEL = "-Onone";
			};
			name = Debug;
		};
		AF2694C429FC1BDC0023942A /* Release */ = {
			isa = XCBuildConfiguration;
			buildSettings = {
				ALWAYS_SEARCH_USER_PATHS = NO;
				CLANG_ANALYZER_NONNULL = YES;
				CLANG_ANALYZER_NUMBER_OBJECT_CONVERSION = YES_AGGRESSIVE;
				CLANG_CXX_LANGUAGE_STANDARD = "gnu++20";
				CLANG_ENABLE_MODULES = YES;
				CLANG_ENABLE_OBJC_ARC = YES;
				CLANG_ENABLE_OBJC_WEAK = YES;
				CLANG_WARN_BLOCK_CAPTURE_AUTORELEASING = YES;
				CLANG_WARN_BOOL_CONVERSION = YES;
				CLANG_WARN_COMMA = YES;
				CLANG_WARN_CONSTANT_CONVERSION = YES;
				CLANG_WARN_DEPRECATED_OBJC_IMPLEMENTATIONS = YES;
				CLANG_WARN_DIRECT_OBJC_ISA_USAGE = YES_ERROR;
				CLANG_WARN_DOCUMENTATION_COMMENTS = YES;
				CLANG_WARN_EMPTY_BODY = YES;
				CLANG_WARN_ENUM_CONVERSION = YES;
				CLANG_WARN_INFINITE_RECURSION = YES;
				CLANG_WARN_INT_CONVERSION = YES;
				CLANG_WARN_NON_LITERAL_NULL_CONVERSION = YES;
				CLANG_WARN_OBJC_IMPLICIT_RETAIN_SELF = YES;
				CLANG_WARN_OBJC_LITERAL_CONVERSION = YES;
				CLANG_WARN_OBJC_ROOT_CLASS = YES_ERROR;
				CLANG_WARN_QUOTED_INCLUDE_IN_FRAMEWORK_HEADER = YES;
				CLANG_WARN_RANGE_LOOP_ANALYSIS = YES;
				CLANG_WARN_STRICT_PROTOTYPES = YES;
				CLANG_WARN_SUSPICIOUS_MOVE = YES;
				CLANG_WARN_UNGUARDED_AVAILABILITY = YES_AGGRESSIVE;
				CLANG_WARN_UNREACHABLE_CODE = YES;
				CLANG_WARN__DUPLICATE_METHOD_MATCH = YES;
				COPY_PHASE_STRIP = NO;
				DEBUG_INFORMATION_FORMAT = "dwarf-with-dsym";
				ENABLE_NS_ASSERTIONS = NO;
				ENABLE_STRICT_OBJC_MSGSEND = YES;
				GCC_C_LANGUAGE_STANDARD = gnu11;
				GCC_NO_COMMON_BLOCKS = YES;
				GCC_WARN_64_TO_32_BIT_CONVERSION = YES;
				GCC_WARN_ABOUT_RETURN_TYPE = YES_ERROR;
				GCC_WARN_UNDECLARED_SELECTOR = YES;
				GCC_WARN_UNINITIALIZED_AUTOS = YES_AGGRESSIVE;
				GCC_WARN_UNUSED_FUNCTION = YES;
				GCC_WARN_UNUSED_VARIABLE = YES;
				IPHONEOS_DEPLOYMENT_TARGET = 16.4;
				MTL_ENABLE_DEBUG_INFO = NO;
				MTL_FAST_MATH = YES;
				SDKROOT = iphoneos;
				SWIFT_COMPILATION_MODE = wholemodule;
				SWIFT_OPTIMIZATION_LEVEL = "-O";
				VALIDATE_PRODUCT = YES;
			};
			name = Release;
		};
		AF2694C629FC1BDC0023942A /* Debug */ = {
			isa = XCBuildConfiguration;
			buildSettings = {
				ASSETCATALOG_COMPILER_APPICON_NAME = AppIcon;
				ASSETCATALOG_COMPILER_GLOBAL_ACCENT_COLOR_NAME = AccentColor;
				CODE_SIGN_STYLE = Automatic;
				CURRENT_PROJECT_VERSION = 1;
				DEVELOPMENT_TEAM = 6LXSUZFYBY;
				GENERATE_INFOPLIST_FILE = YES;
				INFOPLIST_FILE = ImageFeed/Info.plist;
				INFOPLIST_KEY_UIApplicationSupportsIndirectInputEvents = YES;
				INFOPLIST_KEY_UILaunchStoryboardName = LaunchScreen.storyboard;
				INFOPLIST_KEY_UIMainStoryboardFile = Main;
				INFOPLIST_KEY_UISupportedInterfaceOrientations = UIInterfaceOrientationPortrait;
				INFOPLIST_KEY_UISupportedInterfaceOrientations_iPad = "UIInterfaceOrientationLandscapeLeft UIInterfaceOrientationLandscapeRight UIInterfaceOrientationPortrait UIInterfaceOrientationPortraitUpsideDown";
				IPHONEOS_DEPLOYMENT_TARGET = 14.0;
				LD_RUNPATH_SEARCH_PATHS = (
					"$(inherited)",
					"@executable_path/Frameworks",
				);
				MARKETING_VERSION = 1.0;
				PRODUCT_BUNDLE_IDENTIFIER = Mintsifry.ImageFeed;
				PRODUCT_NAME = "$(TARGET_NAME)";
				SUPPORTED_PLATFORMS = "iphoneos iphonesimulator";
				SUPPORTS_MACCATALYST = NO;
				SUPPORTS_MAC_DESIGNED_FOR_IPHONE_IPAD = NO;
				SWIFT_EMIT_LOC_STRINGS = YES;
				SWIFT_VERSION = 5.0;
				TARGETED_DEVICE_FAMILY = 1;
			};
			name = Debug;
		};
		AF2694C729FC1BDC0023942A /* Release */ = {
			isa = XCBuildConfiguration;
			buildSettings = {
				ASSETCATALOG_COMPILER_APPICON_NAME = AppIcon;
				ASSETCATALOG_COMPILER_GLOBAL_ACCENT_COLOR_NAME = AccentColor;
				CODE_SIGN_STYLE = Automatic;
				CURRENT_PROJECT_VERSION = 1;
				DEVELOPMENT_TEAM = 6LXSUZFYBY;
				GENERATE_INFOPLIST_FILE = YES;
				INFOPLIST_FILE = ImageFeed/Info.plist;
				INFOPLIST_KEY_UIApplicationSupportsIndirectInputEvents = YES;
				INFOPLIST_KEY_UILaunchStoryboardName = LaunchScreen.storyboard;
				INFOPLIST_KEY_UIMainStoryboardFile = Main;
				INFOPLIST_KEY_UISupportedInterfaceOrientations = UIInterfaceOrientationPortrait;
				INFOPLIST_KEY_UISupportedInterfaceOrientations_iPad = "UIInterfaceOrientationLandscapeLeft UIInterfaceOrientationLandscapeRight UIInterfaceOrientationPortrait UIInterfaceOrientationPortraitUpsideDown";
				IPHONEOS_DEPLOYMENT_TARGET = 14.0;
				LD_RUNPATH_SEARCH_PATHS = (
					"$(inherited)",
					"@executable_path/Frameworks",
				);
				MARKETING_VERSION = 1.0;
				PRODUCT_BUNDLE_IDENTIFIER = Mintsifry.ImageFeed;
				PRODUCT_NAME = "$(TARGET_NAME)";
				SUPPORTED_PLATFORMS = "iphoneos iphonesimulator";
				SUPPORTS_MACCATALYST = NO;
				SUPPORTS_MAC_DESIGNED_FOR_IPHONE_IPAD = NO;
				SWIFT_EMIT_LOC_STRINGS = YES;
				SWIFT_VERSION = 5.0;
				TARGETED_DEVICE_FAMILY = 1;
			};
			name = Release;
		};
/* End XCBuildConfiguration section */

/* Begin XCConfigurationList section */
		AF2694AC29FC1BDB0023942A /* Build configuration list for PBXProject "ImageFeed" */ = {
			isa = XCConfigurationList;
			buildConfigurations = (
				AF2694C329FC1BDC0023942A /* Debug */,
				AF2694C429FC1BDC0023942A /* Release */,
			);
			defaultConfigurationIsVisible = 0;
			defaultConfigurationName = Release;
		};
		AF2694C529FC1BDC0023942A /* Build configuration list for PBXNativeTarget "ImageFeed" */ = {
			isa = XCConfigurationList;
			buildConfigurations = (
				AF2694C629FC1BDC0023942A /* Debug */,
				AF2694C729FC1BDC0023942A /* Release */,
			);
			defaultConfigurationIsVisible = 0;
			defaultConfigurationName = Release;
		};
/* End XCConfigurationList section */

/* Begin XCRemoteSwiftPackageReference section */
		AF9EC58A2A3CEEDA00CD7754 /* XCRemoteSwiftPackageReference "Kingfisher" */ = {
			isa = XCRemoteSwiftPackageReference;
			repositoryURL = "https://github.com/onevcat/Kingfisher.git";
			requirement = {
				kind = upToNextMajorVersion;
				minimumVersion = 7.0.0;
			};
		};
		AFE0497C2A31FA31002C431F /* XCRemoteSwiftPackageReference "ProgressHUD" */ = {
			isa = XCRemoteSwiftPackageReference;
			repositoryURL = "https://github.com/relatedcode/ProgressHUD";
			requirement = {
				kind = exactVersion;
				version = 13.6.2;
			};
		};
/* End XCRemoteSwiftPackageReference section */

/* Begin XCSwiftPackageProductDependency section */
		AF9EC58B2A3CEEDA00CD7754 /* Kingfisher */ = {
			isa = XCSwiftPackageProductDependency;
			package = AF9EC58A2A3CEEDA00CD7754 /* XCRemoteSwiftPackageReference "Kingfisher" */;
			productName = Kingfisher;
		};
		AFE0497D2A31FA31002C431F /* ProgressHUD */ = {
			isa = XCSwiftPackageProductDependency;
			package = AFE0497C2A31FA31002C431F /* XCRemoteSwiftPackageReference "ProgressHUD" */;
			productName = ProgressHUD;
		};
/* End XCSwiftPackageProductDependency section */
	};
	rootObject = AF2694A929FC1BDB0023942A /* Project object */;
}
